
Microsoft Visual Studio Solution File, Format Version 12.00
# Visual Studio Version 17
VisualStudioVersion = 17.1.32228.430
MinimumVisualStudioVersion = 10.0.40219.1
Project("{9A19103F-16F7-4668-BE54-9A1E7A4F7556}") = "Int.Api.Victoria", "Int.Api.Victoria\Int.Api.Victoria.csproj", "{046BFB1B-4955-441F-9AD0-D341F032612D}"
EndProject
Project("{9A19103F-16F7-4668-BE54-9A1E7A4F7556}") = "Int.Api.Victoria.BusinessLayer", "Int.Api.Victoria.BusinessLayer\Int.Api.Victoria.BusinessLayer.csproj", "{B69DC141-B6E1-4D98-AC43-C93CF78FEC25}"
EndProject
Project("{9A19103F-16F7-4668-BE54-9A1E7A4F7556}") = "Int.Api.Victoria.DataAccess", "Int.Api.Victoria.DataAccess\Int.Api.Victoria.DataAccess.csproj", "{FF7EC913-F03D-4C22-9881-ED0221EB28F6}"
EndProject
Project("{9A19103F-16F7-4668-BE54-9A1E7A4F7556}") = "Int.Api.Victoria.Test", "Int.Api.Victoria.Test\Int.Api.Victoria.Test.csproj", "{BE06D7D0-8EB4-45D0-BC1C-E65E29A90688}"
EndProject
Project("{FAE04EC0-301F-11D3-BF4B-00C04F79EFBC}") = "Int.Victoria.Scheduler", "Int.Victoria.Scheduler\Int.Victoria.Scheduler.csproj", "{8DD454ED-5DC6-48C3-AF26-68AFB861AD19}"
EndProject
Global
	GlobalSection(SolutionConfigurationPlatforms) = preSolution
		Debug|Any CPU = Debug|Any CPU
		Release|Any CPU = Release|Any CPU
	EndGlobalSection
	GlobalSection(ProjectConfigurationPlatforms) = postSolution
		{046BFB1B-4955-441F-9AD0-D341F032612D}.Debug|Any CPU.ActiveCfg = Debug|Any CPU
		{046BFB1B-4955-441F-9AD0-D341F032612D}.Debug|Any CPU.Build.0 = Debug|Any CPU
		{046BFB1B-4955-441F-9AD0-D341F032612D}.Release|Any CPU.ActiveCfg = Release|Any CPU
		{046BFB1B-4955-441F-9AD0-D341F032612D}.Release|Any CPU.Build.0 = Release|Any CPU
		{B69DC141-B6E1-4D98-AC43-C93CF78FEC25}.Debug|Any CPU.ActiveCfg = Debug|Any CPU
		{B69DC141-B6E1-4D98-AC43-C93CF78FEC25}.Debug|Any CPU.Build.0 = Debug|Any CPU
		{B69DC141-B6E1-4D98-AC43-C93CF78FEC25}.Release|Any CPU.ActiveCfg = Release|Any CPU
		{B69DC141-B6E1-4D98-AC43-C93CF78FEC25}.Release|Any CPU.Build.0 = Release|Any CPU
		{FF7EC913-F03D-4C22-9881-ED0221EB28F6}.Debug|Any CPU.ActiveCfg = Debug|Any CPU
		{FF7EC913-F03D-4C22-9881-ED0221EB28F6}.Debug|Any CPU.Build.0 = Debug|Any CPU
		{FF7EC913-F03D-4C22-9881-ED0221EB28F6}.Release|Any CPU.ActiveCfg = Release|Any CPU
		{FF7EC913-F03D-4C22-9881-ED0221EB28F6}.Release|Any CPU.Build.0 = Release|Any CPU
		{BE06D7D0-8EB4-45D0-BC1C-E65E29A90688}.Debug|Any CPU.ActiveCfg = Debug|Any CPU
		{BE06D7D0-8EB4-45D0-BC1C-E65E29A90688}.Debug|Any CPU.Build.0 = Debug|Any CPU
		{BE06D7D0-8EB4-45D0-BC1C-E65E29A90688}.Release|Any CPU.ActiveCfg = Release|Any CPU
		{BE06D7D0-8EB4-45D0-BC1C-E65E29A90688}.Release|Any CPU.Build.0 = Release|Any CPU
		{8DD454ED-5DC6-48C3-AF26-68AFB861AD19}.Debug|Any CPU.ActiveCfg = Debug|Any CPU
		{8DD454ED-5DC6-48C3-AF26-68AFB861AD19}.Debug|Any CPU.Build.0 = Debug|Any CPU
		{8DD454ED-5DC6-48C3-AF26-68AFB861AD19}.Release|Any CPU.ActiveCfg = Release|Any CPU
		{8DD454ED-5DC6-48C3-AF26-68AFB861AD19}.Release|Any CPU.Build.0 = Release|Any CPU
	EndGlobalSection
	GlobalSection(SolutionProperties) = preSolution
		HideSolutionNode = FALSE
	EndGlobalSection
	GlobalSection(ExtensibilityGlobals) = postSolution
		SolutionGuid = {CD32C3EB-CC7E-460C-B050-7AE96D8E0958}
	EndGlobalSection
EndGlobal
